
Microsoft Visual Studio Solution File, Format Version 12.00
# Visual Studio Version 16
VisualStudioVersion = 16.0.31605.320
MinimumVisualStudioVersion = 10.0.40219.1
Project("{FAE04EC0-301F-11D3-BF4B-00C04F79EFBC}") = "PaintGraph", "PaintGraph.csproj", "{8EF6865A-D3AA-440A-A507-B87C178637CD}"
EndProject
Global
	GlobalSection(SolutionConfigurationPlatforms) = preSolution
		Debug|Any CPU = Debug|Any CPU
		Release|Any CPU = Release|Any CPU
	EndGlobalSection
	GlobalSection(ProjectConfigurationPlatforms) = postSolution
		{8EF6865A-D3AA-440A-A507-B87C178637CD}.Debug|Any CPU.ActiveCfg = Debug|Any CPU
		{8EF6865A-D3AA-440A-A507-B87C178637CD}.Debug|Any CPU.Build.0 = Debug|Any CPU
		{8EF6865A-D3AA-440A-A507-B87C178637CD}.Release|Any CPU.ActiveCfg = Release|Any CPU
		{8EF6865A-D3AA-440A-A507-B87C178637CD}.Release|Any CPU.Build.0 = Release|Any CPU
	EndGlobalSection
	GlobalSection(SolutionProperties) = preSolution
		HideSolutionNode = FALSE
	EndGlobalSection
	GlobalSection(ExtensibilityGlobals) = postSolution
		SolutionGuid = {99D681EC-1A7A-414E-B7A6-65ECBD604D54}
	EndGlobalSection
EndGlobal
